
Microsoft Visual Studio Solution File, Format Version 12.00
# Visual Studio Version 16
VisualStudioVersion = 16.0.30204.135
MinimumVisualStudioVersion = 10.0.40219.1
Project("{FAE04EC0-301F-11D3-BF4B-00C04F79EFBC}") = "Lagerprogramm", "Lagerprogramm\Lagerprogramm.csproj", "{06984D9E-6486-4FFB-9100-6FBF70D21598}"
EndProject
Global
	GlobalSection(SolutionConfigurationPlatforms) = preSolution
		Debug|Any CPU = Debug|Any CPU
		Release|Any CPU = Release|Any CPU
	EndGlobalSection
	GlobalSection(ProjectConfigurationPlatforms) = postSolution
		{06984D9E-6486-4FFB-9100-6FBF70D21598}.Debug|Any CPU.ActiveCfg = Debug|Any CPU
		{06984D9E-6486-4FFB-9100-6FBF70D21598}.Debug|Any CPU.Build.0 = Debug|Any CPU
		{06984D9E-6486-4FFB-9100-6FBF70D21598}.Release|Any CPU.ActiveCfg = Release|Any CPU
		{06984D9E-6486-4FFB-9100-6FBF70D21598}.Release|Any CPU.Build.0 = Release|Any CPU
	EndGlobalSection
	GlobalSection(SolutionProperties) = preSolution
		HideSolutionNode = FALSE
	EndGlobalSection
	GlobalSection(ExtensibilityGlobals) = postSolution
		SolutionGuid = {B0B6E2B6-FE63-45C5-85F8-85EE4DF0A78A}
	EndGlobalSection
EndGlobal
